
Microsoft Visual Studio Solution File, Format Version 12.00
# Visual Studio 15
VisualStudioVersion = 15.0.28307.271
MinimumVisualStudioVersion = 10.0.40219.1
Project("{FAE04EC0-301F-11D3-BF4B-00C04F79EFBC}") = "CardGame", "CardGame\CardGame.csproj", "{8D7E677A-1775-4F28-BB40-629D52779A36}"
EndProject
Global
	GlobalSection(SolutionConfigurationPlatforms) = preSolution
		Debug|Any CPU = Debug|Any CPU
		Release|Any CPU = Release|Any CPU
	EndGlobalSection
	GlobalSection(ProjectConfigurationPlatforms) = postSolution
		{8D7E677A-1775-4F28-BB40-629D52779A36}.Debug|Any CPU.ActiveCfg = Debug|Any CPU
		{8D7E677A-1775-4F28-BB40-629D52779A36}.Debug|Any CPU.Build.0 = Debug|Any CPU
		{8D7E677A-1775-4F28-BB40-629D52779A36}.Release|Any CPU.ActiveCfg = Release|Any CPU
		{8D7E677A-1775-4F28-BB40-629D52779A36}.Release|Any CPU.Build.0 = Release|Any CPU
	EndGlobalSection
	GlobalSection(SolutionProperties) = preSolution
		HideSolutionNode = FALSE
	EndGlobalSection
	GlobalSection(ExtensibilityGlobals) = postSolution
		SolutionGuid = {F8E32101-1BAB-463A-84B4-F5BA57E89003}
	EndGlobalSection
EndGlobal
