
Microsoft Visual Studio Solution File, Format Version 12.00
# Visual Studio 15
VisualStudioVersion = 15.0.28010.2050
MinimumVisualStudioVersion = 10.0.40219.1
Project("{FAE04EC0-301F-11D3-BF4B-00C04F79EFBC}") = "Checkpoint 2", "Checkpoint 2\Checkpoint 2.csproj", "{9C05C8E3-5AAF-4347-9CA2-1CFE7CBB3DA1}"
EndProject
Global
	GlobalSection(SolutionConfigurationPlatforms) = preSolution
		Debug|Any CPU = Debug|Any CPU
		Release|Any CPU = Release|Any CPU
	EndGlobalSection
	GlobalSection(ProjectConfigurationPlatforms) = postSolution
		{9C05C8E3-5AAF-4347-9CA2-1CFE7CBB3DA1}.Debug|Any CPU.ActiveCfg = Debug|Any CPU
		{9C05C8E3-5AAF-4347-9CA2-1CFE7CBB3DA1}.Debug|Any CPU.Build.0 = Debug|Any CPU
		{9C05C8E3-5AAF-4347-9CA2-1CFE7CBB3DA1}.Release|Any CPU.ActiveCfg = Release|Any CPU
		{9C05C8E3-5AAF-4347-9CA2-1CFE7CBB3DA1}.Release|Any CPU.Build.0 = Release|Any CPU
	EndGlobalSection
	GlobalSection(SolutionProperties) = preSolution
		HideSolutionNode = FALSE
	EndGlobalSection
	GlobalSection(ExtensibilityGlobals) = postSolution
		SolutionGuid = {B6286967-019B-4EFB-95B4-BC7459FCF249}
	EndGlobalSection
EndGlobal
