
Microsoft Visual Studio Solution File, Format Version 12.00
# Visual Studio 15
VisualStudioVersion = 15.0.28010.2050
MinimumVisualStudioVersion = 10.0.40219.1
Project("{FAE04EC0-301F-11D3-BF4B-00C04F79EFBC}") = "Systemevents", "Systemevents\Systemevents.csproj", "{B6DA3EEC-755E-456B-B1D1-572F5E964B51}"
EndProject
Global
	GlobalSection(SolutionConfigurationPlatforms) = preSolution
		Debug|Any CPU = Debug|Any CPU
		Release|Any CPU = Release|Any CPU
	EndGlobalSection
	GlobalSection(ProjectConfigurationPlatforms) = postSolution
		{B6DA3EEC-755E-456B-B1D1-572F5E964B51}.Debug|Any CPU.ActiveCfg = Debug|Any CPU
		{B6DA3EEC-755E-456B-B1D1-572F5E964B51}.Debug|Any CPU.Build.0 = Debug|Any CPU
		{B6DA3EEC-755E-456B-B1D1-572F5E964B51}.Release|Any CPU.ActiveCfg = Release|Any CPU
		{B6DA3EEC-755E-456B-B1D1-572F5E964B51}.Release|Any CPU.Build.0 = Release|Any CPU
	EndGlobalSection
	GlobalSection(SolutionProperties) = preSolution
		HideSolutionNode = FALSE
	EndGlobalSection
	GlobalSection(ExtensibilityGlobals) = postSolution
		SolutionGuid = {9AC4FA98-9426-4723-8C12-54537BBDECC3}
	EndGlobalSection
EndGlobal
