
Microsoft Visual Studio Solution File, Format Version 12.00
# Visual Studio 15
VisualStudioVersion = 15.0.28010.2050
MinimumVisualStudioVersion = 10.0.40219.1
Project("{FAE04EC0-301F-11D3-BF4B-00C04F79EFBC}") = "ifstat", "ifstat\ifstat.csproj", "{BF4F2DF6-5ABD-46AB-886D-BF776384283C}"
EndProject
Global
	GlobalSection(SolutionConfigurationPlatforms) = preSolution
		Debug|Any CPU = Debug|Any CPU
		Release|Any CPU = Release|Any CPU
	EndGlobalSection
	GlobalSection(ProjectConfigurationPlatforms) = postSolution
		{BF4F2DF6-5ABD-46AB-886D-BF776384283C}.Debug|Any CPU.ActiveCfg = Debug|Any CPU
		{BF4F2DF6-5ABD-46AB-886D-BF776384283C}.Debug|Any CPU.Build.0 = Debug|Any CPU
		{BF4F2DF6-5ABD-46AB-886D-BF776384283C}.Release|Any CPU.ActiveCfg = Release|Any CPU
		{BF4F2DF6-5ABD-46AB-886D-BF776384283C}.Release|Any CPU.Build.0 = Release|Any CPU
	EndGlobalSection
	GlobalSection(SolutionProperties) = preSolution
		HideSolutionNode = FALSE
	EndGlobalSection
	GlobalSection(ExtensibilityGlobals) = postSolution
		SolutionGuid = {7222F6E4-B61E-4F7F-9D32-3FD5F0B46554}
	EndGlobalSection
EndGlobal
